{
    "_readme": [
        "This file locks the dependencies of your project to a known state",
        "Read more about it at https://getcomposer.org/doc/01-basic-usage.md#installing-dependencies",
        "This file is @generated automatically"
    ],
    "content-hash": "9e8c333000cfa4a8f3feaf66114f844c",
    "packages": [],
    "packages-dev": [
        {
            "name": "nette/tester",
            "version": "v2.6.1",
            "source": {
                "type": "git",
                "url": "https://github.com/nette/tester.git",
                "reference": "86e4d80d0953256c3b2930b9d47a07d2a9528770"
            },
            "dist": {
                "type": "zip",
                "url": "https://api.github.com/repos/nette/tester/zipball/86e4d80d0953256c3b2930b9d47a07d2a9528770",
                "reference": "86e4d80d0953256c3b2930b9d47a07d2a9528770",
                "shasum": ""
            },
            "require": {
                "php": "8.0 - 8.5"
            },
            "require-dev": {
                "ext-simplexml": "*",
                "phpstan/phpstan": "^2.0@stable"
            },
            "bin": [
                "src/tester"
            ],
            "type": "library",
            "extra": {
                "branch-alias": {
                    "dev-master": "2.6-dev"
                }
            },
            "autoload": {
                "psr-4": {
                    "Tester\\": "src"
                },
                "classmap": [
                    "src/"
                ]
            },
            "notification-url": "https://packagist.org/downloads/",
            "license": [
                "BSD-3-Clause",
                "GPL-2.0-only",
                "GPL-3.0-only"
            ],
            "authors": [
                {
                    "name": "David Grudl",
                    "homepage": "https://davidgrudl.com"
                },
                {
                    "name": "Miloslav Hůla",
                    "homepage": "https://github.com/milo"
                },
                {
                    "name": "Nette Community",
                    "homepage": "https://nette.org/contributors"
                }
            ],
            "description": "Nette Tester: enjoyable unit testing in PHP with code coverage reporter. 🍏🍏🍎🍏",
            "homepage": "https://tester.nette.org",
            "keywords": [
                "Xdebug",
                "assertions",
                "clover",
                "code coverage",
                "nette",
                "pcov",
                "phpdbg",
                "phpunit",
                "testing",
                "unit"
            ],
            "support": {
                "issues": "https://github.com/nette/tester/issues",
                "source": "https://github.com/nette/tester/tree/v2.6.1"
            },
            "time": "2026-05-11T18:11:12+00:00"
        },
        {
            "name": "phpstan/phpstan",
            "version": "2.2.13",
            "dist": {
                "type": "zip",
                "url": "https://api.github.com/repos/phpstan/phpstan/zipball/9ba9ac76ee9c5cf5b56d58eb5deec6315b7a0260",
                "reference": "9ba9ac76ee9c5cf5b56d58eb5deec6315b7a0260",
                "shasum": ""
            },
            "require": {
                "php": "^7.4|^8.0"
            },
            "conflict": {
                "phpstan/phpstan-shim": "*"
            },
            "bin": [
                "phpstan",
                "phpstan.phar"
            ],
            "type": "library",
            "autoload": {
                "files": [
                    "bootstrap.php"
                ]
            },
            "notification-url": "https://packagist.org/downloads/",
            "license": [
                "MIT"
            ],
            "authors": [
                {
                    "name": "Ondřej Mirtes"
                },
                {
                    "name": "Markus Staab"
                },
                {
                    "name": "Vincent Langlet"
                }
            ],
            "description": "PHPStan - PHP Static Analysis Tool",
            "keywords": [
                "dev",
                "static analysis"
            ],
            "support": {
                "docs": "https://phpstan.org/user-guide/getting-started",
                "forum": "https://github.com/phpstan/phpstan/discussions",
                "issues": "https://github.com/phpstan/phpstan/issues",
                "security": "https://github.com/phpstan/phpstan/security/policy",
                "source": "https://github.com/phpstan/phpstan-src"
            },
            "funding": [
                {
                    "url": "https://github.com/ondrejmirtes",
                    "type": "github"
                },
                {
                    "url": "https://github.com/phpstan",
                    "type": "github"
                }
            ],
            "time": "2026-09-03T20:38:19+00:00"
        },
        {
            "name": "symplify/easy-coding-standard",
            "version": "13.3.2",
            "source": {
                "type": "git",
                "url": "https://github.com/ecsphp/ecs.git",
                "reference": "91848a91bfe688ee2c597c5d9f03d47c8855c743"
            },
            "dist": {
                "type": "zip",
                "url": "https://api.github.com/repos/ecsphp/ecs/zipball/91848a91bfe688ee2c597c5d9f03d47c8855c743",
                "reference": "91848a91bfe688ee2c597c5d9f03d47c8855c743",
                "shasum": ""
            },
            "require": {
                "php": ">=7.2"
            },
            "conflict": {
                "friendsofphp/php-cs-fixer": "<3.95.20",
                "phpcsstandards/php_codesniffer": "<4.0.4",
                "symplify/coding-standard": "<13.0"
            },
            "bin": [
                "bin/ecs"
            ],
            "type": "library",
            "autoload": {
                "files": [
                    "bootstrap.php"
                ]
            },
            "notification-url": "https://packagist.org/downloads/",
            "license": [
                "MIT"
            ],
            "description": "Use Coding Standard with 0-knowledge of PHP-CS-Fixer and PHP_CodeSniffer",
            "keywords": [
                "Code style",
                "automation",
                "fixer",
                "static analysis"
            ],
            "support": {
                "source": "https://github.com/ecsphp/ecs/tree/13.3.2"
            },
            "time": "2026-09-07T09:07:35+00:00"
        }
    ],
    "aliases": [],
    "minimum-stability": "stable",
    "stability-flags": {},
    "prefer-stable": false,
    "prefer-lowest": false,
    "platform": {
        "php": "^8.4",
        "ext-mbstring": "*"
    },
    "platform-dev": {},
    "plugin-api-version": "2.9.0"
}
